
Microsoft Visual Studio Solution File, Format Version 12.00
# Visual Studio 15
VisualStudioVersion = 15.0.26730.16
MinimumVisualStudioVersion = 10.0.40219.1
Project("{FAE04EC0-301F-11D3-BF4B-00C04F79EFBC}") = "MLX90614Demo", "MLX90614Demo\MLX90614Demo.csproj", "{A96C82A7-A720-46D0-B937-B42839FB9636}"
EndProject
Global
	GlobalSection(SolutionConfigurationPlatforms) = preSolution
		Debug|ARM = Debug|ARM
		Debug|x64 = Debug|x64
		Debug|x86 = Debug|x86
		Release|ARM = Release|ARM
		Release|x64 = Release|x64
		Release|x86 = Release|x86
	EndGlobalSection
	GlobalSection(ProjectConfigurationPlatforms) = postSolution
		{A96C82A7-A720-46D0-B937-B42839FB9636}.Debug|ARM.ActiveCfg = Debug|ARM
		{A96C82A7-A720-46D0-B937-B42839FB9636}.Debug|ARM.Build.0 = Debug|ARM
		{A96C82A7-A720-46D0-B937-B42839FB9636}.Debug|ARM.Deploy.0 = Debug|ARM
		{A96C82A7-A720-46D0-B937-B42839FB9636}.Debug|x64.ActiveCfg = Debug|x64
		{A96C82A7-A720-46D0-B937-B42839FB9636}.Debug|x64.Build.0 = Debug|x64
		{A96C82A7-A720-46D0-B937-B42839FB9636}.Debug|x64.Deploy.0 = Debug|x64
		{A96C82A7-A720-46D0-B937-B42839FB9636}.Debug|x86.ActiveCfg = Debug|x86
		{A96C82A7-A720-46D0-B937-B42839FB9636}.Debug|x86.Build.0 = Debug|x86
		{A96C82A7-A720-46D0-B937-B42839FB9636}.Debug|x86.Deploy.0 = Debug|x86
		{A96C82A7-A720-46D0-B937-B42839FB9636}.Release|ARM.ActiveCfg = Release|ARM
		{A96C82A7-A720-46D0-B937-B42839FB9636}.Release|ARM.Build.0 = Release|ARM
		{A96C82A7-A720-46D0-B937-B42839FB9636}.Release|ARM.Deploy.0 = Release|ARM
		{A96C82A7-A720-46D0-B937-B42839FB9636}.Release|x64.ActiveCfg = Release|x64
		{A96C82A7-A720-46D0-B937-B42839FB9636}.Release|x64.Build.0 = Release|x64
		{A96C82A7-A720-46D0-B937-B42839FB9636}.Release|x64.Deploy.0 = Release|x64
		{A96C82A7-A720-46D0-B937-B42839FB9636}.Release|x86.ActiveCfg = Release|x86
		{A96C82A7-A720-46D0-B937-B42839FB9636}.Release|x86.Build.0 = Release|x86
		{A96C82A7-A720-46D0-B937-B42839FB9636}.Release|x86.Deploy.0 = Release|x86
	EndGlobalSection
	GlobalSection(SolutionProperties) = preSolution
		HideSolutionNode = FALSE
	EndGlobalSection
	GlobalSection(ExtensibilityGlobals) = postSolution
		SolutionGuid = {A326EFBE-0946-4E4B-A82C-9D9D9BB2FFD0}
	EndGlobalSection
EndGlobal
