
Microsoft Visual Studio Solution File, Format Version 12.00
# Visual Studio 15
VisualStudioVersion = 15.0.27130.2027
MinimumVisualStudioVersion = 10.0.40219.1
Project("{FAE04EC0-301F-11D3-BF4B-00C04F79EFBC}") = "TouchSwitch_Demo", "TouchSwitch_Demo\TouchSwitch_Demo.csproj", "{46938CF6-4DA2-4BA0-BC86-5C055988D58C}"
EndProject
Global
	GlobalSection(SolutionConfigurationPlatforms) = preSolution
		Debug|ARM = Debug|ARM
		Debug|x64 = Debug|x64
		Debug|x86 = Debug|x86
		Release|ARM = Release|ARM
		Release|x64 = Release|x64
		Release|x86 = Release|x86
	EndGlobalSection
	GlobalSection(ProjectConfigurationPlatforms) = postSolution
		{46938CF6-4DA2-4BA0-BC86-5C055988D58C}.Debug|ARM.ActiveCfg = Debug|ARM
		{46938CF6-4DA2-4BA0-BC86-5C055988D58C}.Debug|ARM.Build.0 = Debug|ARM
		{46938CF6-4DA2-4BA0-BC86-5C055988D58C}.Debug|ARM.Deploy.0 = Debug|ARM
		{46938CF6-4DA2-4BA0-BC86-5C055988D58C}.Debug|x64.ActiveCfg = Debug|x64
		{46938CF6-4DA2-4BA0-BC86-5C055988D58C}.Debug|x64.Build.0 = Debug|x64
		{46938CF6-4DA2-4BA0-BC86-5C055988D58C}.Debug|x64.Deploy.0 = Debug|x64
		{46938CF6-4DA2-4BA0-BC86-5C055988D58C}.Debug|x86.ActiveCfg = Debug|x86
		{46938CF6-4DA2-4BA0-BC86-5C055988D58C}.Debug|x86.Build.0 = Debug|x86
		{46938CF6-4DA2-4BA0-BC86-5C055988D58C}.Debug|x86.Deploy.0 = Debug|x86
		{46938CF6-4DA2-4BA0-BC86-5C055988D58C}.Release|ARM.ActiveCfg = Release|ARM
		{46938CF6-4DA2-4BA0-BC86-5C055988D58C}.Release|ARM.Build.0 = Release|ARM
		{46938CF6-4DA2-4BA0-BC86-5C055988D58C}.Release|ARM.Deploy.0 = Release|ARM
		{46938CF6-4DA2-4BA0-BC86-5C055988D58C}.Release|x64.ActiveCfg = Release|x64
		{46938CF6-4DA2-4BA0-BC86-5C055988D58C}.Release|x64.Build.0 = Release|x64
		{46938CF6-4DA2-4BA0-BC86-5C055988D58C}.Release|x64.Deploy.0 = Release|x64
		{46938CF6-4DA2-4BA0-BC86-5C055988D58C}.Release|x86.ActiveCfg = Release|x86
		{46938CF6-4DA2-4BA0-BC86-5C055988D58C}.Release|x86.Build.0 = Release|x86
		{46938CF6-4DA2-4BA0-BC86-5C055988D58C}.Release|x86.Deploy.0 = Release|x86
	EndGlobalSection
	GlobalSection(SolutionProperties) = preSolution
		HideSolutionNode = FALSE
	EndGlobalSection
	GlobalSection(ExtensibilityGlobals) = postSolution
		SolutionGuid = {A63D91AB-1B34-4C34-B840-A0F6DBE63A55}
	EndGlobalSection
EndGlobal
