
Microsoft Visual Studio Solution File, Format Version 12.00
# Visual Studio 15
VisualStudioVersion = 15.0.27004.2002
MinimumVisualStudioVersion = 10.0.40219.1
Project("{FAE04EC0-301F-11D3-BF4B-00C04F79EFBC}") = "AM2320Demo", "AM2320Demo\AM2320Demo.csproj", "{C077D8D4-4C22-440B-BAB6-226A0327A575}"
EndProject
Global
	GlobalSection(SolutionConfigurationPlatforms) = preSolution
		Debug|ARM = Debug|ARM
		Debug|x64 = Debug|x64
		Debug|x86 = Debug|x86
		Release|ARM = Release|ARM
		Release|x64 = Release|x64
		Release|x86 = Release|x86
	EndGlobalSection
	GlobalSection(ProjectConfigurationPlatforms) = postSolution
		{C077D8D4-4C22-440B-BAB6-226A0327A575}.Debug|ARM.ActiveCfg = Debug|ARM
		{C077D8D4-4C22-440B-BAB6-226A0327A575}.Debug|ARM.Build.0 = Debug|ARM
		{C077D8D4-4C22-440B-BAB6-226A0327A575}.Debug|ARM.Deploy.0 = Debug|ARM
		{C077D8D4-4C22-440B-BAB6-226A0327A575}.Debug|x64.ActiveCfg = Debug|x64
		{C077D8D4-4C22-440B-BAB6-226A0327A575}.Debug|x64.Build.0 = Debug|x64
		{C077D8D4-4C22-440B-BAB6-226A0327A575}.Debug|x64.Deploy.0 = Debug|x64
		{C077D8D4-4C22-440B-BAB6-226A0327A575}.Debug|x86.ActiveCfg = Debug|x86
		{C077D8D4-4C22-440B-BAB6-226A0327A575}.Debug|x86.Build.0 = Debug|x86
		{C077D8D4-4C22-440B-BAB6-226A0327A575}.Debug|x86.Deploy.0 = Debug|x86
		{C077D8D4-4C22-440B-BAB6-226A0327A575}.Release|ARM.ActiveCfg = Release|ARM
		{C077D8D4-4C22-440B-BAB6-226A0327A575}.Release|ARM.Build.0 = Release|ARM
		{C077D8D4-4C22-440B-BAB6-226A0327A575}.Release|ARM.Deploy.0 = Release|ARM
		{C077D8D4-4C22-440B-BAB6-226A0327A575}.Release|x64.ActiveCfg = Release|x64
		{C077D8D4-4C22-440B-BAB6-226A0327A575}.Release|x64.Build.0 = Release|x64
		{C077D8D4-4C22-440B-BAB6-226A0327A575}.Release|x64.Deploy.0 = Release|x64
		{C077D8D4-4C22-440B-BAB6-226A0327A575}.Release|x86.ActiveCfg = Release|x86
		{C077D8D4-4C22-440B-BAB6-226A0327A575}.Release|x86.Build.0 = Release|x86
		{C077D8D4-4C22-440B-BAB6-226A0327A575}.Release|x86.Deploy.0 = Release|x86
	EndGlobalSection
	GlobalSection(SolutionProperties) = preSolution
		HideSolutionNode = FALSE
	EndGlobalSection
	GlobalSection(ExtensibilityGlobals) = postSolution
		SolutionGuid = {233C90CE-F221-47C7-B0A1-ACE33290A21F}
	EndGlobalSection
EndGlobal
